
Microsoft Visual Studio Solution File, Format Version 12.00
# Visual Studio Version 16
VisualStudioVersion = 16.0.29123.88
MinimumVisualStudioVersion = 10.0.40219.1
Project("{FAE04EC0-301F-11D3-BF4B-00C04F79EFBC}") = "AutoExchange", "AutoExchange\AutoExchange.csproj", "{1FE99D26-9BE7-4F32-B534-4078B638BAD8}"
	ProjectSection(ProjectDependencies) = postProject
		{9E993132-1804-4912-904D-9BB01DBC8791} = {9E993132-1804-4912-904D-9BB01DBC8791}
	EndProjectSection
EndProject
Project("{9A19103F-16F7-4668-BE54-9A1E7A4F7556}") = "BinanceExchange.API", "BinanceExchange.API\BinanceExchange.API.csproj", "{9E993132-1804-4912-904D-9BB01DBC8791}"
EndProject
Global
	GlobalSection(SolutionConfigurationPlatforms) = preSolution
		Debug|Any CPU = Debug|Any CPU
		Release|Any CPU = Release|Any CPU
	EndGlobalSection
	GlobalSection(ProjectConfigurationPlatforms) = postSolution
		{1FE99D26-9BE7-4F32-B534-4078B638BAD8}.Debug|Any CPU.ActiveCfg = Debug|Any CPU
		{1FE99D26-9BE7-4F32-B534-4078B638BAD8}.Debug|Any CPU.Build.0 = Debug|Any CPU
		{1FE99D26-9BE7-4F32-B534-4078B638BAD8}.Release|Any CPU.ActiveCfg = Release|Any CPU
		{1FE99D26-9BE7-4F32-B534-4078B638BAD8}.Release|Any CPU.Build.0 = Release|Any CPU
		{9E993132-1804-4912-904D-9BB01DBC8791}.Debug|Any CPU.ActiveCfg = Debug|Any CPU
		{9E993132-1804-4912-904D-9BB01DBC8791}.Debug|Any CPU.Build.0 = Debug|Any CPU
		{9E993132-1804-4912-904D-9BB01DBC8791}.Release|Any CPU.ActiveCfg = Release|Any CPU
		{9E993132-1804-4912-904D-9BB01DBC8791}.Release|Any CPU.Build.0 = Release|Any CPU
	EndGlobalSection
	GlobalSection(SolutionProperties) = preSolution
		HideSolutionNode = FALSE
	EndGlobalSection
	GlobalSection(ExtensibilityGlobals) = postSolution
		SolutionGuid = {6BE6EB7C-3E96-4537-8863-168D6687A5C7}
	EndGlobalSection
EndGlobal
